
Microsoft Visual Studio Solution File, Format Version 12.00
# Visual Studio Version 17
VisualStudioVersion = 17.5.33414.496
MinimumVisualStudioVersion = 10.0.40219.1
Project("{FAE04EC0-301F-11D3-BF4B-00C04F79EFBC}") = "Aplikacja_Wpf", "Aplikacja_Wpf\Aplikacja_Wpf.csproj", "{3F0FE35D-BF84-432C-8630-35B9CAD456BC}"
EndProject
Global
	GlobalSection(SolutionConfigurationPlatforms) = preSolution
		Debug|Any CPU = Debug|Any CPU
		Release|Any CPU = Release|Any CPU
	EndGlobalSection
	GlobalSection(ProjectConfigurationPlatforms) = postSolution
		{3F0FE35D-BF84-432C-8630-35B9CAD456BC}.Debug|Any CPU.ActiveCfg = Debug|Any CPU
		{3F0FE35D-BF84-432C-8630-35B9CAD456BC}.Debug|Any CPU.Build.0 = Debug|Any CPU
		{3F0FE35D-BF84-432C-8630-35B9CAD456BC}.Release|Any CPU.ActiveCfg = Release|Any CPU
		{3F0FE35D-BF84-432C-8630-35B9CAD456BC}.Release|Any CPU.Build.0 = Release|Any CPU
	EndGlobalSection
	GlobalSection(SolutionProperties) = preSolution
		HideSolutionNode = FALSE
	EndGlobalSection
	GlobalSection(ExtensibilityGlobals) = postSolution
		SolutionGuid = {DC548C0D-BFE3-4ABD-8D28-7F747E767585}
	EndGlobalSection
EndGlobal
